
Microsoft Visual Studio Solution File, Format Version 12.00
# Visual Studio 2013
VisualStudioVersion = 12.0.31101.0
MinimumVisualStudioVersion = 10.0.40219.1
Project("{FAE04EC0-301F-11D3-BF4B-00C04F79EFBC}") = "NucleusMobile.Android", "NucleusMobile\NucleusMobile.Android.csproj", "{5F152D77-826A-4AEB-8A10-B473321D240B}"
EndProject
Project("{FAE04EC0-301F-11D3-BF4B-00C04F79EFBC}") = "NucleusMobile.iOS", "NucleusMobile\NucleusMobile.iOS.csproj", "{4590A65C-1567-487B-AD4E-9B9A33E1506D}"
EndProject
Project("{FAE04EC0-301F-11D3-BF4B-00C04F79EFBC}") = "NucleusMobile.WP8", "NucleusMobile\NucleusMobile.WP8.csproj", "{C10FD786-5C61-485E-84E4-46A472558EB8}"
EndProject
Project("{2150E333-8FDC-42A3-9474-1A3956D46DE8}") = "Libary", "Libary", "{724C95FE-AFC3-448D-A770-663DD1F9937C}"
EndProject
Project("{2150E333-8FDC-42A3-9474-1A3956D46DE8}") = "Sample", "Sample", "{A3A69BF1-FCAA-4FDE-A68D-66ABE0D6138E}"
EndProject
Project("{D954291E-2A0B-460D-934E-DC6B0785DB48}") = "NucleusMobileSample", "NucleusMobileSample\NucleusMobileSample\NucleusMobileSample.shproj", "{72AE1375-D647-4E38-AC68-CE5AD973CB78}"
EndProject
Project("{FAE04EC0-301F-11D3-BF4B-00C04F79EFBC}") = "NucleusMobileSample.WinPhone", "NucleusMobileSample\NucleusMobileSample.WinPhone\NucleusMobileSample.WinPhone.csproj", "{F297622D-6F29-4B24-8F12-89416E1E7B75}"
EndProject
Project("{FAE04EC0-301F-11D3-BF4B-00C04F79EFBC}") = "NucleusMobileSample.iOS", "NucleusMobileSample\NucleusMobileSample.iOS\NucleusMobileSample.iOS.csproj", "{5D0D9F04-AF83-406C-91C0-7E36299D7422}"
EndProject
Project("{FAE04EC0-301F-11D3-BF4B-00C04F79EFBC}") = "NucleusMobileSample.Droid", "NucleusMobileSample\NucleusMobileSample.Droid\NucleusMobileSample.Droid.csproj", "{3F0C46C2-C576-4FE8-9FBB-286E6C2D7D7E}"
EndProject
Global
	GlobalSection(SharedMSBuildProjectFiles) = preSolution
		NucleusMobileSample\NucleusMobileSample\NucleusMobileSample.projitems*{5d0d9f04-af83-406c-91c0-7e36299d7422}*SharedItemsImports = 4
		NucleusMobileSample\NucleusMobileSample\NucleusMobileSample.projitems*{3f0c46c2-c576-4fe8-9fbb-286e6c2d7d7e}*SharedItemsImports = 4
		NucleusMobileSample\NucleusMobileSample\NucleusMobileSample.projitems*{f297622d-6f29-4b24-8f12-89416e1e7b75}*SharedItemsImports = 4
		NucleusMobileSample\NucleusMobileSample\NucleusMobileSample.projitems*{72ae1375-d647-4e38-ac68-ce5ad973cb78}*SharedItemsImports = 13
	EndGlobalSection
	GlobalSection(TeamFoundationVersionControl) = preSolution
		SccNumberOfProjects = 9
		SccEnterpriseProvider = {4CA58AB2-18FA-4F8D-95D4-32DDF27D184C}
		SccTeamFoundationServer = https://largaming.visualstudio.com/defaultcollection
		SccLocalPath0 = .
		SccProjectUniqueName1 = NucleusMobile\\NucleusMobile.Android.csproj
		SccProjectTopLevelParentUniqueName1 = NucleusMobile.sln
		SccProjectName1 = NucleusMobile
		SccLocalPath1 = NucleusMobile
		SccProjectUniqueName2 = NucleusMobile\\NucleusMobile.iOS.csproj
		SccProjectTopLevelParentUniqueName2 = NucleusMobile.sln
		SccProjectName2 = NucleusMobile
		SccLocalPath2 = NucleusMobile
		SccProjectUniqueName3 = NucleusMobile\\NucleusMobile.WP8.csproj
		SccProjectTopLevelParentUniqueName3 = NucleusMobile.sln
		SccProjectName3 = NucleusMobile
		SccLocalPath3 = NucleusMobile
		SccProjectUniqueName4 = NucleusMobileSample\\NucleusMobileSample\\NucleusMobileSample.shproj
		SccProjectTopLevelParentUniqueName4 = NucleusMobile.sln
		SccProjectName4 = NucleusMobileSample/NucleusMobileSample
		SccLocalPath4 = NucleusMobileSample\\NucleusMobileSample
		SccProjectUniqueName5 = NucleusMobileSample\\NucleusMobileSample\\NucleusMobileSample.projitems
		SccProjectTopLevelParentUniqueName5 = NucleusMobile.sln
		SccProjectName5 = NucleusMobileSample/NucleusMobileSample
		SccLocalPath5 = NucleusMobileSample\\NucleusMobileSample
		SccProjectUniqueName6 = NucleusMobileSample\\NucleusMobileSample.WinPhone\\NucleusMobileSample.WinPhone.csproj
		SccProjectTopLevelParentUniqueName6 = NucleusMobile.sln
		SccProjectName6 = NucleusMobileSample/NucleusMobileSample.WinPhone
		SccLocalPath6 = NucleusMobileSample\\NucleusMobileSample.WinPhone
		SccProjectUniqueName7 = NucleusMobileSample\\NucleusMobileSample.iOS\\NucleusMobileSample.iOS.csproj
		SccProjectTopLevelParentUniqueName7 = NucleusMobile.sln
		SccProjectName7 = NucleusMobileSample/NucleusMobileSample.iOS
		SccLocalPath7 = NucleusMobileSample\\NucleusMobileSample.iOS
		SccProjectUniqueName8 = NucleusMobileSample\\NucleusMobileSample.Droid\\NucleusMobileSample.Droid.csproj
		SccProjectTopLevelParentUniqueName8 = NucleusMobile.sln
		SccProjectName8 = NucleusMobileSample/NucleusMobileSample.Droid
		SccLocalPath8 = NucleusMobileSample\\NucleusMobileSample.Droid
	EndGlobalSection
	GlobalSection(SolutionConfigurationPlatforms) = preSolution
		Ad-Hoc|Any CPU = Ad-Hoc|Any CPU
		Ad-Hoc|ARM = Ad-Hoc|ARM
		Ad-Hoc|iPhone = Ad-Hoc|iPhone
		Ad-Hoc|iPhoneSimulator = Ad-Hoc|iPhoneSimulator
		Ad-Hoc|Mixed Platforms = Ad-Hoc|Mixed Platforms
		Ad-Hoc|x86 = Ad-Hoc|x86
		AppStore|Any CPU = AppStore|Any CPU
		AppStore|ARM = AppStore|ARM
		AppStore|iPhone = AppStore|iPhone
		AppStore|iPhoneSimulator = AppStore|iPhoneSimulator
		AppStore|Mixed Platforms = AppStore|Mixed Platforms
		AppStore|x86 = AppStore|x86
		Debug|Any CPU = Debug|Any CPU
		Debug|ARM = Debug|ARM
		Debug|iPhone = Debug|iPhone
		Debug|iPhoneSimulator = Debug|iPhoneSimulator
		Debug|Mixed Platforms = Debug|Mixed Platforms
		Debug|x86 = Debug|x86
		Release|Any CPU = Release|Any CPU
		Release|ARM = Release|ARM
		Release|iPhone = Release|iPhone
		Release|iPhoneSimulator = Release|iPhoneSimulator
		Release|Mixed Platforms = Release|Mixed Platforms
		Release|x86 = Release|x86
	EndGlobalSection
	GlobalSection(ProjectConfigurationPlatforms) = postSolution
		{5F152D77-826A-4AEB-8A10-B473321D240B}.Ad-Hoc|Any CPU.ActiveCfg = Release|Any CPU
		{5F152D77-826A-4AEB-8A10-B473321D240B}.Ad-Hoc|Any CPU.Build.0 = Release|Any CPU
		{5F152D77-826A-4AEB-8A10-B473321D240B}.Ad-Hoc|ARM.ActiveCfg = Release|Any CPU
		{5F152D77-826A-4AEB-8A10-B473321D240B}.Ad-Hoc|iPhone.ActiveCfg = Release|Any CPU
		{5F152D77-826A-4AEB-8A10-B473321D240B}.Ad-Hoc|iPhoneSimulator.ActiveCfg = Release|Any CPU
		{5F152D77-826A-4AEB-8A10-B473321D240B}.Ad-Hoc|Mixed Platforms.ActiveCfg = Release|Any CPU
		{5F152D77-826A-4AEB-8A10-B473321D240B}.Ad-Hoc|Mixed Platforms.Build.0 = Release|Any CPU
		{5F152D77-826A-4AEB-8A10-B473321D240B}.Ad-Hoc|x86.ActiveCfg = Release|Any CPU
		{5F152D77-826A-4AEB-8A10-B473321D240B}.AppStore|Any CPU.ActiveCfg = Release|Any CPU
		{5F152D77-826A-4AEB-8A10-B473321D240B}.AppStore|Any CPU.Build.0 = Release|Any CPU
		{5F152D77-826A-4AEB-8A10-B473321D240B}.AppStore|ARM.ActiveCfg = Release|Any CPU
		{5F152D77-826A-4AEB-8A10-B473321D240B}.AppStore|iPhone.ActiveCfg = Release|Any CPU
		{5F152D77-826A-4AEB-8A10-B473321D240B}.AppStore|iPhoneSimulator.ActiveCfg = Release|Any CPU
		{5F152D77-826A-4AEB-8A10-B473321D240B}.AppStore|Mixed Platforms.ActiveCfg = Release|Any CPU
		{5F152D77-826A-4AEB-8A10-B473321D240B}.AppStore|Mixed Platforms.Build.0 = Release|Any CPU
		{5F152D77-826A-4AEB-8A10-B473321D240B}.AppStore|x86.ActiveCfg = Release|Any CPU
		{5F152D77-826A-4AEB-8A10-B473321D240B}.Debug|Any CPU.ActiveCfg = Debug|Any CPU
		{5F152D77-826A-4AEB-8A10-B473321D240B}.Debug|Any CPU.Build.0 = Debug|Any CPU
		{5F152D77-826A-4AEB-8A10-B473321D240B}.Debug|ARM.ActiveCfg = Debug|Any CPU
		{5F152D77-826A-4AEB-8A10-B473321D240B}.Debug|iPhone.ActiveCfg = Debug|Any CPU
		{5F152D77-826A-4AEB-8A10-B473321D240B}.Debug|iPhoneSimulator.ActiveCfg = Debug|Any CPU
		{5F152D77-826A-4AEB-8A10-B473321D240B}.Debug|Mixed Platforms.ActiveCfg = Debug|Any CPU
		{5F152D77-826A-4AEB-8A10-B473321D240B}.Debug|Mixed Platforms.Build.0 = Debug|Any CPU
		{5F152D77-826A-4AEB-8A10-B473321D240B}.Debug|x86.ActiveCfg = Debug|Any CPU
		{5F152D77-826A-4AEB-8A10-B473321D240B}.Release|Any CPU.ActiveCfg = Release|Any CPU
		{5F152D77-826A-4AEB-8A10-B473321D240B}.Release|Any CPU.Build.0 = Release|Any CPU
		{5F152D77-826A-4AEB-8A10-B473321D240B}.Release|ARM.ActiveCfg = Release|Any CPU
		{5F152D77-826A-4AEB-8A10-B473321D240B}.Release|iPhone.ActiveCfg = Release|Any CPU
		{5F152D77-826A-4AEB-8A10-B473321D240B}.Release|iPhoneSimulator.ActiveCfg = Release|Any CPU
		{5F152D77-826A-4AEB-8A10-B473321D240B}.Release|Mixed Platforms.ActiveCfg = Release|Any CPU
		{5F152D77-826A-4AEB-8A10-B473321D240B}.Release|Mixed Platforms.Build.0 = Release|Any CPU
		{5F152D77-826A-4AEB-8A10-B473321D240B}.Release|x86.ActiveCfg = Release|Any CPU
		{4590A65C-1567-487B-AD4E-9B9A33E1506D}.Ad-Hoc|Any CPU.ActiveCfg = Release|Any CPU
		{4590A65C-1567-487B-AD4E-9B9A33E1506D}.Ad-Hoc|Any CPU.Build.0 = Release|Any CPU
		{4590A65C-1567-487B-AD4E-9B9A33E1506D}.Ad-Hoc|ARM.ActiveCfg = Release|Any CPU
		{4590A65C-1567-487B-AD4E-9B9A33E1506D}.Ad-Hoc|iPhone.ActiveCfg = Release|Any CPU
		{4590A65C-1567-487B-AD4E-9B9A33E1506D}.Ad-Hoc|iPhoneSimulator.ActiveCfg = Release|Any CPU
		{4590A65C-1567-487B-AD4E-9B9A33E1506D}.Ad-Hoc|Mixed Platforms.ActiveCfg = Release|Any CPU
		{4590A65C-1567-487B-AD4E-9B9A33E1506D}.Ad-Hoc|Mixed Platforms.Build.0 = Release|Any CPU
		{4590A65C-1567-487B-AD4E-9B9A33E1506D}.Ad-Hoc|x86.ActiveCfg = Release|Any CPU
		{4590A65C-1567-487B-AD4E-9B9A33E1506D}.AppStore|Any CPU.ActiveCfg = Release|Any CPU
		{4590A65C-1567-487B-AD4E-9B9A33E1506D}.AppStore|Any CPU.Build.0 = Release|Any CPU
		{4590A65C-1567-487B-AD4E-9B9A33E1506D}.AppStore|ARM.ActiveCfg = Release|Any CPU
		{4590A65C-1567-487B-AD4E-9B9A33E1506D}.AppStore|iPhone.ActiveCfg = Release|Any CPU
		{4590A65C-1567-487B-AD4E-9B9A33E1506D}.AppStore|iPhoneSimulator.ActiveCfg = Release|Any CPU
		{4590A65C-1567-487B-AD4E-9B9A33E1506D}.AppStore|Mixed Platforms.ActiveCfg = Release|Any CPU
		{4590A65C-1567-487B-AD4E-9B9A33E1506D}.AppStore|Mixed Platforms.Build.0 = Release|Any CPU
		{4590A65C-1567-487B-AD4E-9B9A33E1506D}.AppStore|x86.ActiveCfg = Release|Any CPU
		{4590A65C-1567-487B-AD4E-9B9A33E1506D}.Debug|Any CPU.ActiveCfg = Debug|Any CPU
		{4590A65C-1567-487B-AD4E-9B9A33E1506D}.Debug|Any CPU.Build.0 = Debug|Any CPU
		{4590A65C-1567-487B-AD4E-9B9A33E1506D}.Debug|ARM.ActiveCfg = Debug|Any CPU
		{4590A65C-1567-487B-AD4E-9B9A33E1506D}.Debug|iPhone.ActiveCfg = Debug|Any CPU
		{4590A65C-1567-487B-AD4E-9B9A33E1506D}.Debug|iPhoneSimulator.ActiveCfg = Debug|Any CPU
		{4590A65C-1567-487B-AD4E-9B9A33E1506D}.Debug|Mixed Platforms.ActiveCfg = Debug|Any CPU
		{4590A65C-1567-487B-AD4E-9B9A33E1506D}.Debug|Mixed Platforms.Build.0 = Debug|Any CPU
		{4590A65C-1567-487B-AD4E-9B9A33E1506D}.Debug|x86.ActiveCfg = Debug|Any CPU
		{4590A65C-1567-487B-AD4E-9B9A33E1506D}.Release|Any CPU.ActiveCfg = Release|Any CPU
		{4590A65C-1567-487B-AD4E-9B9A33E1506D}.Release|Any CPU.Build.0 = Release|Any CPU
		{4590A65C-1567-487B-AD4E-9B9A33E1506D}.Release|ARM.ActiveCfg = Release|Any CPU
		{4590A65C-1567-487B-AD4E-9B9A33E1506D}.Release|iPhone.ActiveCfg = Release|Any CPU
		{4590A65C-1567-487B-AD4E-9B9A33E1506D}.Release|iPhoneSimulator.ActiveCfg = Release|Any CPU
		{4590A65C-1567-487B-AD4E-9B9A33E1506D}.Release|Mixed Platforms.ActiveCfg = Release|Any CPU
		{4590A65C-1567-487B-AD4E-9B9A33E1506D}.Release|Mixed Platforms.Build.0 = Release|Any CPU
		{4590A65C-1567-487B-AD4E-9B9A33E1506D}.Release|x86.ActiveCfg = Release|Any CPU
		{C10FD786-5C61-485E-84E4-46A472558EB8}.Ad-Hoc|Any CPU.ActiveCfg = Release|Any CPU
		{C10FD786-5C61-485E-84E4-46A472558EB8}.Ad-Hoc|Any CPU.Build.0 = Release|Any CPU
		{C10FD786-5C61-485E-84E4-46A472558EB8}.Ad-Hoc|ARM.ActiveCfg = Release|ARM
		{C10FD786-5C61-485E-84E4-46A472558EB8}.Ad-Hoc|ARM.Build.0 = Release|ARM
		{C10FD786-5C61-485E-84E4-46A472558EB8}.Ad-Hoc|iPhone.ActiveCfg = Release|Any CPU
		{C10FD786-5C61-485E-84E4-46A472558EB8}.Ad-Hoc|iPhoneSimulator.ActiveCfg = Release|Any CPU
		{C10FD786-5C61-485E-84E4-46A472558EB8}.Ad-Hoc|Mixed Platforms.ActiveCfg = Release|x86
		{C10FD786-5C61-485E-84E4-46A472558EB8}.Ad-Hoc|Mixed Platforms.Build.0 = Release|x86
		{C10FD786-5C61-485E-84E4-46A472558EB8}.Ad-Hoc|x86.ActiveCfg = Release|x86
		{C10FD786-5C61-485E-84E4-46A472558EB8}.Ad-Hoc|x86.Build.0 = Release|x86
		{C10FD786-5C61-485E-84E4-46A472558EB8}.AppStore|Any CPU.ActiveCfg = Release|Any CPU
		{C10FD786-5C61-485E-84E4-46A472558EB8}.AppStore|Any CPU.Build.0 = Release|Any CPU
		{C10FD786-5C61-485E-84E4-46A472558EB8}.AppStore|ARM.ActiveCfg = Release|ARM
		{C10FD786-5C61-485E-84E4-46A472558EB8}.AppStore|ARM.Build.0 = Release|ARM
		{C10FD786-5C61-485E-84E4-46A472558EB8}.AppStore|iPhone.ActiveCfg = Release|Any CPU
		{C10FD786-5C61-485E-84E4-46A472558EB8}.AppStore|iPhoneSimulator.ActiveCfg = Release|Any CPU
		{C10FD786-5C61-485E-84E4-46A472558EB8}.AppStore|Mixed Platforms.ActiveCfg = Release|x86
		{C10FD786-5C61-485E-84E4-46A472558EB8}.AppStore|Mixed Platforms.Build.0 = Release|x86
		{C10FD786-5C61-485E-84E4-46A472558EB8}.AppStore|x86.ActiveCfg = Release|x86
		{C10FD786-5C61-485E-84E4-46A472558EB8}.AppStore|x86.Build.0 = Release|x86
		{C10FD786-5C61-485E-84E4-46A472558EB8}.Debug|Any CPU.ActiveCfg = Debug|Any CPU
		{C10FD786-5C61-485E-84E4-46A472558EB8}.Debug|Any CPU.Build.0 = Debug|Any CPU
		{C10FD786-5C61-485E-84E4-46A472558EB8}.Debug|ARM.ActiveCfg = Debug|ARM
		{C10FD786-5C61-485E-84E4-46A472558EB8}.Debug|ARM.Build.0 = Debug|ARM
		{C10FD786-5C61-485E-84E4-46A472558EB8}.Debug|iPhone.ActiveCfg = Debug|Any CPU
		{C10FD786-5C61-485E-84E4-46A472558EB8}.Debug|iPhoneSimulator.ActiveCfg = Debug|Any CPU
		{C10FD786-5C61-485E-84E4-46A472558EB8}.Debug|Mixed Platforms.ActiveCfg = Debug|x86
		{C10FD786-5C61-485E-84E4-46A472558EB8}.Debug|Mixed Platforms.Build.0 = Debug|x86
		{C10FD786-5C61-485E-84E4-46A472558EB8}.Debug|x86.ActiveCfg = Debug|x86
		{C10FD786-5C61-485E-84E4-46A472558EB8}.Debug|x86.Build.0 = Debug|x86
		{C10FD786-5C61-485E-84E4-46A472558EB8}.Release|Any CPU.ActiveCfg = Release|Any CPU
		{C10FD786-5C61-485E-84E4-46A472558EB8}.Release|Any CPU.Build.0 = Release|Any CPU
		{C10FD786-5C61-485E-84E4-46A472558EB8}.Release|ARM.ActiveCfg = Release|ARM
		{C10FD786-5C61-485E-84E4-46A472558EB8}.Release|ARM.Build.0 = Release|ARM
		{C10FD786-5C61-485E-84E4-46A472558EB8}.Release|iPhone.ActiveCfg = Release|Any CPU
		{C10FD786-5C61-485E-84E4-46A472558EB8}.Release|iPhoneSimulator.ActiveCfg = Release|Any CPU
		{C10FD786-5C61-485E-84E4-46A472558EB8}.Release|Mixed Platforms.ActiveCfg = Release|x86
		{C10FD786-5C61-485E-84E4-46A472558EB8}.Release|Mixed Platforms.Build.0 = Release|x86
		{C10FD786-5C61-485E-84E4-46A472558EB8}.Release|x86.ActiveCfg = Release|x86
		{C10FD786-5C61-485E-84E4-46A472558EB8}.Release|x86.Build.0 = Release|x86
		{F297622D-6F29-4B24-8F12-89416E1E7B75}.Ad-Hoc|Any CPU.ActiveCfg = Release|Any CPU
		{F297622D-6F29-4B24-8F12-89416E1E7B75}.Ad-Hoc|Any CPU.Build.0 = Release|Any CPU
		{F297622D-6F29-4B24-8F12-89416E1E7B75}.Ad-Hoc|Any CPU.Deploy.0 = Release|Any CPU
		{F297622D-6F29-4B24-8F12-89416E1E7B75}.Ad-Hoc|ARM.ActiveCfg = Release|ARM
		{F297622D-6F29-4B24-8F12-89416E1E7B75}.Ad-Hoc|ARM.Build.0 = Release|ARM
		{F297622D-6F29-4B24-8F12-89416E1E7B75}.Ad-Hoc|ARM.Deploy.0 = Release|ARM
		{F297622D-6F29-4B24-8F12-89416E1E7B75}.Ad-Hoc|iPhone.ActiveCfg = Release|Any CPU
		{F297622D-6F29-4B24-8F12-89416E1E7B75}.Ad-Hoc|iPhoneSimulator.ActiveCfg = Release|Any CPU
		{F297622D-6F29-4B24-8F12-89416E1E7B75}.Ad-Hoc|Mixed Platforms.ActiveCfg = Release|x86
		{F297622D-6F29-4B24-8F12-89416E1E7B75}.Ad-Hoc|Mixed Platforms.Build.0 = Release|x86
		{F297622D-6F29-4B24-8F12-89416E1E7B75}.Ad-Hoc|Mixed Platforms.Deploy.0 = Release|x86
		{F297622D-6F29-4B24-8F12-89416E1E7B75}.Ad-Hoc|x86.ActiveCfg = Release|x86
		{F297622D-6F29-4B24-8F12-89416E1E7B75}.Ad-Hoc|x86.Build.0 = Release|x86
		{F297622D-6F29-4B24-8F12-89416E1E7B75}.Ad-Hoc|x86.Deploy.0 = Release|x86
		{F297622D-6F29-4B24-8F12-89416E1E7B75}.AppStore|Any CPU.ActiveCfg = Release|Any CPU
		{F297622D-6F29-4B24-8F12-89416E1E7B75}.AppStore|Any CPU.Build.0 = Release|Any CPU
		{F297622D-6F29-4B24-8F12-89416E1E7B75}.AppStore|Any CPU.Deploy.0 = Release|Any CPU
		{F297622D-6F29-4B24-8F12-89416E1E7B75}.AppStore|ARM.ActiveCfg = Release|ARM
		{F297622D-6F29-4B24-8F12-89416E1E7B75}.AppStore|ARM.Build.0 = Release|ARM
		{F297622D-6F29-4B24-8F12-89416E1E7B75}.AppStore|ARM.Deploy.0 = Release|ARM
		{F297622D-6F29-4B24-8F12-89416E1E7B75}.AppStore|iPhone.ActiveCfg = Release|Any CPU
		{F297622D-6F29-4B24-8F12-89416E1E7B75}.AppStore|iPhoneSimulator.ActiveCfg = Release|Any CPU
		{F297622D-6F29-4B24-8F12-89416E1E7B75}.AppStore|Mixed Platforms.ActiveCfg = Release|x86
		{F297622D-6F29-4B24-8F12-89416E1E7B75}.AppStore|Mixed Platforms.Build.0 = Release|x86
		{F297622D-6F29-4B24-8F12-89416E1E7B75}.AppStore|Mixed Platforms.Deploy.0 = Release|x86
		{F297622D-6F29-4B24-8F12-89416E1E7B75}.AppStore|x86.ActiveCfg = Release|x86
		{F297622D-6F29-4B24-8F12-89416E1E7B75}.AppStore|x86.Build.0 = Release|x86
		{F297622D-6F29-4B24-8F12-89416E1E7B75}.AppStore|x86.Deploy.0 = Release|x86
		{F297622D-6F29-4B24-8F12-89416E1E7B75}.Debug|Any CPU.ActiveCfg = Debug|Any CPU
		{F297622D-6F29-4B24-8F12-89416E1E7B75}.Debug|Any CPU.Build.0 = Debug|Any CPU
		{F297622D-6F29-4B24-8F12-89416E1E7B75}.Debug|Any CPU.Deploy.0 = Debug|Any CPU
		{F297622D-6F29-4B24-8F12-89416E1E7B75}.Debug|ARM.ActiveCfg = Debug|ARM
		{F297622D-6F29-4B24-8F12-89416E1E7B75}.Debug|ARM.Build.0 = Debug|ARM
		{F297622D-6F29-4B24-8F12-89416E1E7B75}.Debug|ARM.Deploy.0 = Debug|ARM
		{F297622D-6F29-4B24-8F12-89416E1E7B75}.Debug|iPhone.ActiveCfg = Debug|Any CPU
		{F297622D-6F29-4B24-8F12-89416E1E7B75}.Debug|iPhoneSimulator.ActiveCfg = Debug|Any CPU
		{F297622D-6F29-4B24-8F12-89416E1E7B75}.Debug|Mixed Platforms.ActiveCfg = Debug|x86
		{F297622D-6F29-4B24-8F12-89416E1E7B75}.Debug|Mixed Platforms.Build.0 = Debug|x86
		{F297622D-6F29-4B24-8F12-89416E1E7B75}.Debug|Mixed Platforms.Deploy.0 = Debug|x86
		{F297622D-6F29-4B24-8F12-89416E1E7B75}.Debug|x86.ActiveCfg = Debug|x86
		{F297622D-6F29-4B24-8F12-89416E1E7B75}.Debug|x86.Build.0 = Debug|x86
		{F297622D-6F29-4B24-8F12-89416E1E7B75}.Debug|x86.Deploy.0 = Debug|x86
		{F297622D-6F29-4B24-8F12-89416E1E7B75}.Release|Any CPU.ActiveCfg = Release|Any CPU
		{F297622D-6F29-4B24-8F12-89416E1E7B75}.Release|Any CPU.Build.0 = Release|Any CPU
		{F297622D-6F29-4B24-8F12-89416E1E7B75}.Release|Any CPU.Deploy.0 = Release|Any CPU
		{F297622D-6F29-4B24-8F12-89416E1E7B75}.Release|ARM.ActiveCfg = Release|ARM
		{F297622D-6F29-4B24-8F12-89416E1E7B75}.Release|ARM.Build.0 = Release|ARM
		{F297622D-6F29-4B24-8F12-89416E1E7B75}.Release|ARM.Deploy.0 = Release|ARM
		{F297622D-6F29-4B24-8F12-89416E1E7B75}.Release|iPhone.ActiveCfg = Release|Any CPU
		{F297622D-6F29-4B24-8F12-89416E1E7B75}.Release|iPhoneSimulator.ActiveCfg = Release|Any CPU
		{F297622D-6F29-4B24-8F12-89416E1E7B75}.Release|Mixed Platforms.ActiveCfg = Release|x86
		{F297622D-6F29-4B24-8F12-89416E1E7B75}.Release|Mixed Platforms.Build.0 = Release|x86
		{F297622D-6F29-4B24-8F12-89416E1E7B75}.Release|Mixed Platforms.Deploy.0 = Release|x86
		{F297622D-6F29-4B24-8F12-89416E1E7B75}.Release|x86.ActiveCfg = Release|x86
		{F297622D-6F29-4B24-8F12-89416E1E7B75}.Release|x86.Build.0 = Release|x86
		{F297622D-6F29-4B24-8F12-89416E1E7B75}.Release|x86.Deploy.0 = Release|x86
		{5D0D9F04-AF83-406C-91C0-7E36299D7422}.Ad-Hoc|Any CPU.ActiveCfg = Ad-Hoc|iPhone
		{5D0D9F04-AF83-406C-91C0-7E36299D7422}.Ad-Hoc|ARM.ActiveCfg = Ad-Hoc|iPhone
		{5D0D9F04-AF83-406C-91C0-7E36299D7422}.Ad-Hoc|iPhone.ActiveCfg = Ad-Hoc|iPhone
		{5D0D9F04-AF83-406C-91C0-7E36299D7422}.Ad-Hoc|iPhone.Build.0 = Ad-Hoc|iPhone
		{5D0D9F04-AF83-406C-91C0-7E36299D7422}.Ad-Hoc|iPhoneSimulator.ActiveCfg = Ad-Hoc|iPhoneSimulator
		{5D0D9F04-AF83-406C-91C0-7E36299D7422}.Ad-Hoc|iPhoneSimulator.Build.0 = Ad-Hoc|iPhoneSimulator
		{5D0D9F04-AF83-406C-91C0-7E36299D7422}.Ad-Hoc|Mixed Platforms.ActiveCfg = Ad-Hoc|iPhone
		{5D0D9F04-AF83-406C-91C0-7E36299D7422}.Ad-Hoc|Mixed Platforms.Build.0 = Ad-Hoc|iPhone
		{5D0D9F04-AF83-406C-91C0-7E36299D7422}.Ad-Hoc|x86.ActiveCfg = Ad-Hoc|iPhone
		{5D0D9F04-AF83-406C-91C0-7E36299D7422}.AppStore|Any CPU.ActiveCfg = AppStore|iPhone
		{5D0D9F04-AF83-406C-91C0-7E36299D7422}.AppStore|ARM.ActiveCfg = AppStore|iPhone
		{5D0D9F04-AF83-406C-91C0-7E36299D7422}.AppStore|iPhone.ActiveCfg = AppStore|iPhone
		{5D0D9F04-AF83-406C-91C0-7E36299D7422}.AppStore|iPhone.Build.0 = AppStore|iPhone
		{5D0D9F04-AF83-406C-91C0-7E36299D7422}.AppStore|iPhoneSimulator.ActiveCfg = AppStore|iPhoneSimulator
		{5D0D9F04-AF83-406C-91C0-7E36299D7422}.AppStore|iPhoneSimulator.Build.0 = AppStore|iPhoneSimulator
		{5D0D9F04-AF83-406C-91C0-7E36299D7422}.AppStore|Mixed Platforms.ActiveCfg = AppStore|iPhone
		{5D0D9F04-AF83-406C-91C0-7E36299D7422}.AppStore|Mixed Platforms.Build.0 = AppStore|iPhone
		{5D0D9F04-AF83-406C-91C0-7E36299D7422}.AppStore|x86.ActiveCfg = AppStore|iPhone
		{5D0D9F04-AF83-406C-91C0-7E36299D7422}.Debug|Any CPU.ActiveCfg = Debug|iPhone
		{5D0D9F04-AF83-406C-91C0-7E36299D7422}.Debug|ARM.ActiveCfg = Debug|iPhone
		{5D0D9F04-AF83-406C-91C0-7E36299D7422}.Debug|iPhone.ActiveCfg = Debug|iPhone
		{5D0D9F04-AF83-406C-91C0-7E36299D7422}.Debug|iPhone.Build.0 = Debug|iPhone
		{5D0D9F04-AF83-406C-91C0-7E36299D7422}.Debug|iPhoneSimulator.ActiveCfg = Debug|iPhoneSimulator
		{5D0D9F04-AF83-406C-91C0-7E36299D7422}.Debug|iPhoneSimulator.Build.0 = Debug|iPhoneSimulator
		{5D0D9F04-AF83-406C-91C0-7E36299D7422}.Debug|Mixed Platforms.ActiveCfg = Debug|iPhone
		{5D0D9F04-AF83-406C-91C0-7E36299D7422}.Debug|Mixed Platforms.Build.0 = Debug|iPhone
		{5D0D9F04-AF83-406C-91C0-7E36299D7422}.Debug|x86.ActiveCfg = Debug|iPhone
		{5D0D9F04-AF83-406C-91C0-7E36299D7422}.Release|Any CPU.ActiveCfg = Release|iPhone
		{5D0D9F04-AF83-406C-91C0-7E36299D7422}.Release|ARM.ActiveCfg = Release|iPhone
		{5D0D9F04-AF83-406C-91C0-7E36299D7422}.Release|iPhone.ActiveCfg = Release|iPhone
		{5D0D9F04-AF83-406C-91C0-7E36299D7422}.Release|iPhone.Build.0 = Release|iPhone
		{5D0D9F04-AF83-406C-91C0-7E36299D7422}.Release|iPhoneSimulator.ActiveCfg = Release|iPhoneSimulator
		{5D0D9F04-AF83-406C-91C0-7E36299D7422}.Release|iPhoneSimulator.Build.0 = Release|iPhoneSimulator
		{5D0D9F04-AF83-406C-91C0-7E36299D7422}.Release|Mixed Platforms.ActiveCfg = Release|iPhone
		{5D0D9F04-AF83-406C-91C0-7E36299D7422}.Release|Mixed Platforms.Build.0 = Release|iPhone
		{5D0D9F04-AF83-406C-91C0-7E36299D7422}.Release|x86.ActiveCfg = Release|iPhone
		{3F0C46C2-C576-4FE8-9FBB-286E6C2D7D7E}.Ad-Hoc|Any CPU.ActiveCfg = Release|Any CPU
		{3F0C46C2-C576-4FE8-9FBB-286E6C2D7D7E}.Ad-Hoc|Any CPU.Build.0 = Release|Any CPU
		{3F0C46C2-C576-4FE8-9FBB-286E6C2D7D7E}.Ad-Hoc|Any CPU.Deploy.0 = Release|Any CPU
		{3F0C46C2-C576-4FE8-9FBB-286E6C2D7D7E}.Ad-Hoc|ARM.ActiveCfg = Release|Any CPU
		{3F0C46C2-C576-4FE8-9FBB-286E6C2D7D7E}.Ad-Hoc|iPhone.ActiveCfg = Release|Any CPU
		{3F0C46C2-C576-4FE8-9FBB-286E6C2D7D7E}.Ad-Hoc|iPhoneSimulator.ActiveCfg = Release|Any CPU
		{3F0C46C2-C576-4FE8-9FBB-286E6C2D7D7E}.Ad-Hoc|Mixed Platforms.ActiveCfg = Release|Any CPU
		{3F0C46C2-C576-4FE8-9FBB-286E6C2D7D7E}.Ad-Hoc|Mixed Platforms.Build.0 = Release|Any CPU
		{3F0C46C2-C576-4FE8-9FBB-286E6C2D7D7E}.Ad-Hoc|Mixed Platforms.Deploy.0 = Release|Any CPU
		{3F0C46C2-C576-4FE8-9FBB-286E6C2D7D7E}.Ad-Hoc|x86.ActiveCfg = Release|Any CPU
		{3F0C46C2-C576-4FE8-9FBB-286E6C2D7D7E}.AppStore|Any CPU.ActiveCfg = Release|Any CPU
		{3F0C46C2-C576-4FE8-9FBB-286E6C2D7D7E}.AppStore|Any CPU.Build.0 = Release|Any CPU
		{3F0C46C2-C576-4FE8-9FBB-286E6C2D7D7E}.AppStore|Any CPU.Deploy.0 = Release|Any CPU
		{3F0C46C2-C576-4FE8-9FBB-286E6C2D7D7E}.AppStore|ARM.ActiveCfg = Release|Any CPU
		{3F0C46C2-C576-4FE8-9FBB-286E6C2D7D7E}.AppStore|iPhone.ActiveCfg = Release|Any CPU
		{3F0C46C2-C576-4FE8-9FBB-286E6C2D7D7E}.AppStore|iPhoneSimulator.ActiveCfg = Release|Any CPU
		{3F0C46C2-C576-4FE8-9FBB-286E6C2D7D7E}.AppStore|Mixed Platforms.ActiveCfg = Release|Any CPU
		{3F0C46C2-C576-4FE8-9FBB-286E6C2D7D7E}.AppStore|Mixed Platforms.Build.0 = Release|Any CPU
		{3F0C46C2-C576-4FE8-9FBB-286E6C2D7D7E}.AppStore|Mixed Platforms.Deploy.0 = Release|Any CPU
		{3F0C46C2-C576-4FE8-9FBB-286E6C2D7D7E}.AppStore|x86.ActiveCfg = Release|Any CPU
		{3F0C46C2-C576-4FE8-9FBB-286E6C2D7D7E}.Debug|Any CPU.ActiveCfg = Debug|Any CPU
		{3F0C46C2-C576-4FE8-9FBB-286E6C2D7D7E}.Debug|Any CPU.Build.0 = Debug|Any CPU
		{3F0C46C2-C576-4FE8-9FBB-286E6C2D7D7E}.Debug|Any CPU.Deploy.0 = Debug|Any CPU
		{3F0C46C2-C576-4FE8-9FBB-286E6C2D7D7E}.Debug|ARM.ActiveCfg = Debug|Any CPU
		{3F0C46C2-C576-4FE8-9FBB-286E6C2D7D7E}.Debug|iPhone.ActiveCfg = Debug|Any CPU
		{3F0C46C2-C576-4FE8-9FBB-286E6C2D7D7E}.Debug|iPhoneSimulator.ActiveCfg = Debug|Any CPU
		{3F0C46C2-C576-4FE8-9FBB-286E6C2D7D7E}.Debug|Mixed Platforms.ActiveCfg = Debug|Any CPU
		{3F0C46C2-C576-4FE8-9FBB-286E6C2D7D7E}.Debug|Mixed Platforms.Build.0 = Debug|Any CPU
		{3F0C46C2-C576-4FE8-9FBB-286E6C2D7D7E}.Debug|Mixed Platforms.Deploy.0 = Debug|Any CPU
		{3F0C46C2-C576-4FE8-9FBB-286E6C2D7D7E}.Debug|x86.ActiveCfg = Debug|Any CPU
		{3F0C46C2-C576-4FE8-9FBB-286E6C2D7D7E}.Release|Any CPU.ActiveCfg = Release|Any CPU
		{3F0C46C2-C576-4FE8-9FBB-286E6C2D7D7E}.Release|Any CPU.Build.0 = Release|Any CPU
		{3F0C46C2-C576-4FE8-9FBB-286E6C2D7D7E}.Release|Any CPU.Deploy.0 = Release|Any CPU
		{3F0C46C2-C576-4FE8-9FBB-286E6C2D7D7E}.Release|ARM.ActiveCfg = Release|Any CPU
		{3F0C46C2-C576-4FE8-9FBB-286E6C2D7D7E}.Release|iPhone.ActiveCfg = Release|Any CPU
		{3F0C46C2-C576-4FE8-9FBB-286E6C2D7D7E}.Release|iPhoneSimulator.ActiveCfg = Release|Any CPU
		{3F0C46C2-C576-4FE8-9FBB-286E6C2D7D7E}.Release|Mixed Platforms.ActiveCfg = Release|Any CPU
		{3F0C46C2-C576-4FE8-9FBB-286E6C2D7D7E}.Release|Mixed Platforms.Build.0 = Release|Any CPU
		{3F0C46C2-C576-4FE8-9FBB-286E6C2D7D7E}.Release|Mixed Platforms.Deploy.0 = Release|Any CPU
		{3F0C46C2-C576-4FE8-9FBB-286E6C2D7D7E}.Release|x86.ActiveCfg = Release|Any CPU
	EndGlobalSection
	GlobalSection(SolutionProperties) = preSolution
		HideSolutionNode = FALSE
	EndGlobalSection
	GlobalSection(NestedProjects) = preSolution
		{5F152D77-826A-4AEB-8A10-B473321D240B} = {724C95FE-AFC3-448D-A770-663DD1F9937C}
		{4590A65C-1567-487B-AD4E-9B9A33E1506D} = {724C95FE-AFC3-448D-A770-663DD1F9937C}
		{C10FD786-5C61-485E-84E4-46A472558EB8} = {724C95FE-AFC3-448D-A770-663DD1F9937C}
		{72AE1375-D647-4E38-AC68-CE5AD973CB78} = {A3A69BF1-FCAA-4FDE-A68D-66ABE0D6138E}
		{F297622D-6F29-4B24-8F12-89416E1E7B75} = {A3A69BF1-FCAA-4FDE-A68D-66ABE0D6138E}
		{5D0D9F04-AF83-406C-91C0-7E36299D7422} = {A3A69BF1-FCAA-4FDE-A68D-66ABE0D6138E}
		{3F0C46C2-C576-4FE8-9FBB-286E6C2D7D7E} = {A3A69BF1-FCAA-4FDE-A68D-66ABE0D6138E}
	EndGlobalSection
	GlobalSection(MonoDevelopProperties) = preSolution
		StartupItem = NucleusMobile\NucleusMobile.csproj
	EndGlobalSection
EndGlobal
